{
  "requires": true,
  "lockfileVersion": 1,
  "dependencies": {
    "react-hook-form": {
      "version": "7.17.0",
      "resolved": "https://registry.npmjs.org/react-hook-form/-/react-hook-form-7.17.0.tgz",
      "integrity": "sha512-hA6cbLxycyTRVL585jofNesc1sPtxn2GB1/KCV0P8lnmwzPmqhMxqbuX5TtTdTcBItf3grawfllkg1cv1iDMtQ=="
    }
  }
}
